
Microsoft Visual Studio Solution File, Format Version 12.00
# Visual Studio 15
VisualStudioVersion = 15.0.28307.168
MinimumVisualStudioVersion = 10.0.40219.1
Project("{9A19103F-16F7-4668-BE54-9A1E7A4F7556}") = "LCU API Generator", "LCU API Generator\LCU API Generator.csproj", "{BCC882D0-8256-47D1-80B2-F88B3D6C51E7}"
EndProject
Project("{9A19103F-16F7-4668-BE54-9A1E7A4F7556}") = "GlassLCU", "GlassLCU\GlassLCU.csproj", "{8B407E75-7725-46AC-9741-29F531F316FF}"
EndProject
Project("{FAE04EC0-301F-11D3-BF4B-00C04F79EFBC}") = "Testing", "Testing\Testing.csproj", "{B7E3BDBF-12A1-400B-BADC-DA16D91B9DBF}"
EndProject
Global
	GlobalSection(SolutionConfigurationPlatforms) = preSolution
		Debug|Any CPU = Debug|Any CPU
		Release|Any CPU = Release|Any CPU
	EndGlobalSection
	GlobalSection(ProjectConfigurationPlatforms) = postSolution
		{BCC882D0-8256-47D1-80B2-F88B3D6C51E7}.Debug|Any CPU.ActiveCfg = Debug|Any CPU
		{BCC882D0-8256-47D1-80B2-F88B3D6C51E7}.Debug|Any CPU.Build.0 = Debug|Any CPU
		{BCC882D0-8256-47D1-80B2-F88B3D6C51E7}.Release|Any CPU.ActiveCfg = Release|Any CPU
		{BCC882D0-8256-47D1-80B2-F88B3D6C51E7}.Release|Any CPU.Build.0 = Release|Any CPU
		{8B407E75-7725-46AC-9741-29F531F316FF}.Debug|Any CPU.ActiveCfg = Debug|Any CPU
		{8B407E75-7725-46AC-9741-29F531F316FF}.Debug|Any CPU.Build.0 = Debug|Any CPU
		{8B407E75-7725-46AC-9741-29F531F316FF}.Release|Any CPU.ActiveCfg = Release|Any CPU
		{8B407E75-7725-46AC-9741-29F531F316FF}.Release|Any CPU.Build.0 = Release|Any CPU
		{B7E3BDBF-12A1-400B-BADC-DA16D91B9DBF}.Debug|Any CPU.ActiveCfg = Debug|Any CPU
		{B7E3BDBF-12A1-400B-BADC-DA16D91B9DBF}.Debug|Any CPU.Build.0 = Debug|Any CPU
		{B7E3BDBF-12A1-400B-BADC-DA16D91B9DBF}.Release|Any CPU.ActiveCfg = Release|Any CPU
		{B7E3BDBF-12A1-400B-BADC-DA16D91B9DBF}.Release|Any CPU.Build.0 = Release|Any CPU
	EndGlobalSection
	GlobalSection(SolutionProperties) = preSolution
		HideSolutionNode = FALSE
	EndGlobalSection
	GlobalSection(ExtensibilityGlobals) = postSolution
		SolutionGuid = {18E197B4-C237-4157-A38A-9AF6EAE69826}
	EndGlobalSection
EndGlobal
